// !$*UTF8*$!
{
	archiveVersion = 1;
	classes = {
	};
	objectVersion = 50;
	objects = {

/* Begin PBXBuildFile section */
		7973CF8C21ADD9B700B3B0F4 /* AppDelegate.swift in Sources */ = {isa = PBXBuildFile; fileRef = 7973CF8B21ADD9B700B3B0F4 /* AppDelegate.swift */; };
		7973CF8E21ADD9B700B3B0F4 /* ViewController.swift in Sources */ = {isa = PBXBuildFile; fileRef = 7973CF8D21ADD9B700B3B0F4 /* ViewController.swift */; };
		7973CF9121ADD9B700B3B0F4 /* Main.storyboard in Resources */ = {isa = PBXBuildFile; fileRef = 7973CF8F21ADD9B700B3B0F4 /* Main.storyboard */; };
		7973CF9321ADD9B800B3B0F4 /* Assets.xcassets in Resources */ = {isa = PBXBuildFile; fileRef = 7973CF9221ADD9B800B3B0F4 /* Assets.xcassets */; };
		7973CF9621ADD9B800B3B0F4 /* LaunchScreen.storyboard in Resources */ = {isa = PBXBuildFile; fileRef = 7973CF9421ADD9B800B3B0F4 /* LaunchScreen.storyboard */; };
		7973CFA121ADD9B800B3B0F4 /* TodoAppTests.swift in Sources */ = {isa = PBXBuildFile; fileRef = 7973CFA021ADD9B800B3B0F4 /* TodoAppTests.swift */; };
		7973CFAC21ADD9B900B3B0F4 /* TodoAppUITests.swift in Sources */ = {isa = PBXBuildFile; fileRef = 7973CFAB21ADD9B900B3B0F4 /* TodoAppUITests.swift */; };
/* End PBXBuildFile section */

/* Begin PBXContainerItemProxy section */
		7973CF9D21ADD9B800B3B0F4 /* PBXContainerItemProxy */ = {
			isa = PBXContainerItemProxy;
			containerPortal = 7973CF8021ADD9B600B3B0F4 /* Project object */;
			proxyType = 1;
			remoteGlobalIDString = 7973CF8721ADD9B600B3B0F4;
			remoteInfo = TodoApp;
		};
		7973CFA821ADD9B800B3B0F4 /* PBXContainerItemProxy */ = {
			isa = PBXContainerItemProxy;
			containerPortal = 7973CF8021ADD9B600B3B0F4 /* Project object */;
			proxyType = 1;
			remoteGlobalIDString = 7973CF8721ADD9B600B3B0F4;
			remoteInfo = TodoApp;
		};
/* End PBXContainerItemProxy section */

/* Begin PBXFileReference section */
		7973CF8821ADD9B600B3B0F4 /* TodoApp.app */ = {isa = PBXFileReference; explicitFileType = wrapper.application; includeInIndex = 0; path = TodoApp.app; sourceTree = BUILT_PRODUCTS_DIR; };
		7973CF8B21ADD9B700B3B0F4 /* AppDelegate.swift */ = {isa = PBXFileReference; lastKnownFileType = sourcecode.swift; path = AppDelegate.swift; sourceTree = "<group>"; };
		7973CF8D21ADD9B700B3B0F4 /* ViewController.swift */ = {isa = PBXFileReference; lastKnownFileType = sourcecode.swift; path = ViewController.swift; sourceTree = "<group>"; };
		7973CF9021ADD9B700B3B0F4 /* Base */ = {isa = PBXFileReference; lastKnownFileType = file.storyboard; name = Base; path = Base.lproj/Main.storyboard; sourceTree = "<group>"; };
		7973CF9221ADD9B800B3B0F4 /* Assets.xcassets */ = {isa = PBXFileReference; lastKnownFileType = folder.assetcatalog; path = Assets.xcassets; sourceTree = "<group>"; };
		7973CF9521ADD9B800B3B0F4 /* Base */ = {isa = PBXFileReference; lastKnownFileType = file.storyboard; name = Base; path = Base.lproj/LaunchScreen.storyboard; sourceTree = "<group>"; };
		7973CF9721ADD9B800B3B0F4 /* Info.plist */ = {isa = PBXFileReference; lastKnownFileType = text.plist.xml; path = Info.plist; sourceTree = "<group>"; };
		7973CF9C21ADD9B800B3B0F4 /* TodoAppTests.xctest */ = {isa = PBXFileReference; explicitFileType = wrapper.cfbundle; includeInIndex = 0; path = TodoAppTests.xctest; sourceTree = BUILT_PRODUCTS_DIR; };
		7973CFA021ADD9B800B3B0F4 /* TodoAppTests.swift */ = {isa = PBXFileReference; lastKnownFileType = sourcecode.swift; path = TodoAppTests.swift; sourceTree = "<group>"; };
		7973CFA221ADD9B800B3B0F4 /* Info.plist */ = {isa = PBXFileReference; lastKnownFileType = text.plist.xml; path = Info.plist; sourceTree = "<group>"; };
		7973CFA721ADD9B800B3B0F4 /* TodoAppUITests.xctest */ = {isa = PBXFileReference; explicitFileType = wrapper.cfbundle; includeInIndex = 0; path = TodoAppUITests.xctest; sourceTree = BUILT_PRODUCTS_DIR; };
		7973CFAB21ADD9B900B3B0F4 /* TodoAppUITests.swift */ = {isa = PBXFileReference; lastKnownFileType = sourcecode.swift; path = TodoAppUITests.swift; sourceTree = "<group>"; };
		7973CFAD21ADD9B900B3B0F4 /* Info.plist */ = {isa = PBXFileReference; lastKnownFileType = text.plist.xml; path = Info.plist; sourceTree = "<group>"; };
/* End PBXFileReference section */

/* Begin PBXFrameworksBuildPhase section */
		7973CF8521ADD9B600B3B0F4 /* Frameworks */ = {
			isa = PBXFrameworksBuildPhase;
			buildActionMask = 2147483647;
			files = (
			);
			runOnlyForDeploymentPostprocessing = 0;
		};
		7973CF9921ADD9B800B3B0F4 /* Frameworks */ = {
			isa = PBXFrameworksBuildPhase;
			buildActionMask = 2147483647;
			files = (
			);
			runOnlyForDeploymentPostprocessing = 0;
		};
		7973CFA421ADD9B800B3B0F4 /* Frameworks */ = {
			isa = PBXFrameworksBuildPhase;
			buildActionMask = 2147483647;
			files = (
			);
			runOnlyForDeploymentPostprocessing = 0;
		};
/* End PBXFrameworksBuildPhase section */

/* Begin PBXGroup section */
		7973CF7F21ADD9B600B3B0F4 = {
			isa = PBXGroup;
			children = (
				7973CF8A21ADD9B600B3B0F4 /* TodoApp */,
				7973CF9F21ADD9B800B3B0F4 /* TodoAppTests */,
				7973CFAA21ADD9B900B3B0F4 /* TodoAppUITests */,
				7973CF8921ADD9B600B3B0F4 /* Products */,
			);
			sourceTree = "<group>";
		};
		7973CF8921ADD9B600B3B0F4 /* Products */ = {
			isa = PBXGroup;
			children = (
				7973CF8821ADD9B600B3B0F4 /* TodoApp.app */,
				7973CF9C21ADD9B800B3B0F4 /* TodoAppTests.xctest */,
				7973CFA721ADD9B800B3B0F4 /* TodoAppUITests.xctest */,
			);
			name = Products;
			sourceTree = "<group>";
		};
		7973CF8A21ADD9B600B3B0F4 /* TodoApp */ = {
			isa = PBXGroup;
			children = (
				7973CF8B21ADD9B700B3B0F4 /* AppDelegate.swift */,
				7973CF8D21ADD9B700B3B0F4 /* ViewController.swift */,
				7973CF8F21ADD9B700B3B0F4 /* Main.storyboard */,
				7973CF9221ADD9B800B3B0F4 /* Assets.xcassets */,
				7973CF9421ADD9B800B3B0F4 /* LaunchScreen.storyboard */,
				7973CF9721ADD9B800B3B0F4 /* Info.plist */,
			);
			path = TodoApp;
			sourceTree = "<group>";
		};
		7973CF9F21ADD9B800B3B0F4 /* TodoAppTests */ = {
			isa = PBXGroup;
			children = (
				7973CFA021ADD9B800B3B0F4 /* TodoAppTests.swift */,
				7973CFA221ADD9B800B3B0F4 /* Info.plist */,
			);
			path = TodoAppTests;
			sourceTree = "<group>";
		};
		7973CFAA21ADD9B900B3B0F4 /* TodoAppUITests */ = {
			isa = PBXGroup;
			children = (
				7973CFAB21ADD9B900B3B0F4 /* TodoAppUITests.swift */,
				7973CFAD21ADD9B900B3B0F4 /* Info.plist */,
			);
			path = TodoAppUITests;
			sourceTree = "<group>";
		};
/* End PBXGroup section */

/* Begin PBXNativeTarget section */
		7973CF8721ADD9B600B3B0F4 /* TodoApp */ = {
			isa = PBXNativeTarget;
			buildConfigurationList = 7973CFB021ADD9B900B3B0F4 /* Build configuration list for PBXNativeTarget "TodoApp" */;
			buildPhases = (
				7973CF8421ADD9B600B3B0F4 /* Sources */,
				7973CF8521ADD9B600B3B0F4 /* Frameworks */,
				7973CF8621ADD9B600B3B0F4 /* Resources */,
			);
			buildRules = (
			);
			dependencies = (
			);
			name = TodoApp;
			productName = TodoApp;
			productReference = 7973CF8821ADD9B600B3B0F4 /* TodoApp.app */;
			productType = "com.apple.product-type.application";
		};
		7973CF9B21ADD9B800B3B0F4 /* TodoAppTests */ = {
			isa = PBXNativeTarget;
			buildConfigurationList = 7973CFB321ADD9B900B3B0F4 /* Build configuration list for PBXNativeTarget "TodoAppTests" */;
			buildPhases = (
				7973CF9821ADD9B800B3B0F4 /* Sources */,
				7973CF9921ADD9B800B3B0F4 /* Frameworks */,
				7973CF9A21ADD9B800B3B0F4 /* Resources */,
			);
			buildRules = (
			);
			dependencies = (
				7973CF9E21ADD9B800B3B0F4 /* PBXTargetDependency */,
			);
			name = TodoAppTests;
			productName = TodoAppTests;
			productReference = 7973CF9C21ADD9B800B3B0F4 /* TodoAppTests.xctest */;
			productType = "com.apple.product-type.bundle.unit-test";
		};
		7973CFA621ADD9B800B3B0F4 /* TodoAppUITests */ = {
			isa = PBXNativeTarget;
			buildConfigurationList = 7973CFB621ADD9B900B3B0F4 /* Build configuration list for PBXNativeTarget "TodoAppUITests" */;
			buildPhases = (
				7973CFA321ADD9B800B3B0F4 /* Sources */,
				7973CFA421ADD9B800B3B0F4 /* Frameworks */,
				7973CFA521ADD9B800B3B0F4 /* Resources */,
			);
			buildRules = (
			);
			dependencies = (
				7973CFA921ADD9B800B3B0F4 /* PBXTargetDependency */,
			);
			name = TodoAppUITests;
			productName = TodoAppUITests;
			productReference = 7973CFA721ADD9B800B3B0F4 /* TodoAppUITests.xctest */;
			productType = "com.apple.product-type.bundle.ui-testing";
		};
/* End PBXNativeTarget section */

/* Begin PBXProject section */
		7973CF8021ADD9B600B3B0F4 /* Project object */ = {
			isa = PBXProject;
			attributes = {
				LastSwiftUpdateCheck = 1010;
				LastUpgradeCheck = 1010;
				ORGANIZATIONNAME = "Ellen Nkonya";
				TargetAttributes = {
					7973CF8721ADD9B600B3B0F4 = {
						CreatedOnToolsVersion = 10.1;
					};
					7973CF9B21ADD9B800B3B0F4 = {
						CreatedOnToolsVersion = 10.1;
						TestTargetID = 7973CF8721ADD9B600B3B0F4;
					};
					7973CFA621ADD9B800B3B0F4 = {
						CreatedOnToolsVersion = 10.1;
						TestTargetID = 7973CF8721ADD9B600B3B0F4;
					};
				};
			};
			buildConfigurationList = 7973CF8321ADD9B600B3B0F4 /* Build configuration list for PBXProject "TodoApp" */;
			compatibilityVersion = "Xcode 9.3";
			developmentRegion = en;
			hasScannedForEncodings = 0;
			knownRegions = (
				en,
				Base,
			);
			mainGroup = 7973CF7F21ADD9B600B3B0F4;
			productRefGroup = 7973CF8921ADD9B600B3B0F4 /* Products */;
			projectDirPath = "";
			projectRoot = "";
			targets = (
				7973CF8721ADD9B600B3B0F4 /* TodoApp */,
				7973CF9B21ADD9B800B3B0F4 /* TodoAppTests */,
				7973CFA621ADD9B800B3B0F4 /* TodoAppUITests */,
			);
		};
/* End PBXProject section */

/* Begin PBXResourcesBuildPhase section */
		7973CF8621ADD9B600B3B0F4 /* Resources */ = {
			isa = PBXResourcesBuildPhase;
			buildActionMask = 2147483647;
			files = (
				7973CF9621ADD9B800B3B0F4 /* LaunchScreen.storyboard in Resources */,
				7973CF9321ADD9B800B3B0F4 /* Assets.xcassets in Resources */,
				7973CF9121ADD9B700B3B0F4 /* Main.storyboard in Resources */,
			);
			runOnlyForDeploymentPostprocessing = 0;
		};
		7973CF9A21ADD9B800B3B0F4 /* Resources */ = {
			isa = PBXResourcesBuildPhase;
			buildActionMask = 2147483647;
			files = (
			);
			runOnlyForDeploymentPostprocessing = 0;
		};
		7973CFA521ADD9B800B3B0F4 /* Resources */ = {
			isa = PBXResourcesBuildPhase;
			buildActionMask = 2147483647;
			files = (
			);
			runOnlyForDeploymentPostprocessing = 0;
		};
/* End PBXResourcesBuildPhase section */

/* Begin PBXSourcesBuildPhase section */
		7973CF8421ADD9B600B3B0F4 /* Sources */ = {
			isa = PBXSourcesBuildPhase;
			buildActionMask = 2147483647;
			files = (
				7973CF8E21ADD9B700B3B0F4 /* ViewController.swift in Sources */,
				7973CF8C21ADD9B700B3B0F4 /* AppDelegate.swift in Sources */,
			);
			runOnlyForDeploymentPostprocessing = 0;
		};
		7973CF9821ADD9B800B3B0F4 /* Sources */ = {
			isa = PBXSourcesBuildPhase;
			buildActionMask = 2147483647;
			files = (
				7973CFA121ADD9B800B3B0F4 /* TodoAppTests.swift in Sources */,
			);
			runOnlyForDeploymentPostprocessing = 0;
		};
		7973CFA321ADD9B800B3B0F4 /* Sources */ = {
			isa = PBXSourcesBuildPhase;
			buildActionMask = 2147483647;
			files = (
				7973CFAC21ADD9B900B3B0F4 /* TodoAppUITests.swift in Sources */,
			);
			runOnlyForDeploymentPostprocessing = 0;
		};
/* End PBXSourcesBuildPhase section */

/* Begin PBXTargetDependency section */
		7973CF9E21ADD9B800B3B0F4 /* PBXTargetDependency */ = {
			isa = PBXTargetDependency;
			target = 7973CF8721ADD9B600B3B0F4 /* TodoApp */;
			targetProxy = 7973CF9D21ADD9B800B3B0F4 /* PBXContainerItemProxy */;
		};
		7973CFA921ADD9B800B3B0F4 /* PBXTargetDependency */ = {
			isa = PBXTargetDependency;
			target = 7973CF8721ADD9B600B3B0F4 /* TodoApp */;
			targetProxy = 7973CFA821ADD9B800B3B0F4 /* PBXContainerItemProxy */;
		};
/* End PBXTargetDependency section */

/* Begin PBXVariantGroup section */
		7973CF8F21ADD9B700B3B0F4 /* Main.storyboard */ = {
			isa = PBXVariantGroup;
			children = (
				7973CF9021ADD9B700B3B0F4 /* Base */,
			);
			name = Main.storyboard;
			sourceTree = "<group>";
		};
		7973CF9421ADD9B800B3B0F4 /* LaunchScreen.storyboard */ = {
			isa = PBXVariantGroup;
			children = (
				7973CF9521ADD9B800B3B0F4 /* Base */,
			);
			name = LaunchScreen.storyboard;
			sourceTree = "<group>";
		};
/* End PBXVariantGroup section */

/* Begin XCBuildConfiguration section */
		7973CFAE21ADD9B900B3B0F4 /* Debug */ = {
			isa = XCBuildConfiguration;
			buildSettings = {
				ALWAYS_SEARCH_USER_PATHS = NO;
				CLANG_ANALYZER_NONNULL = YES;
				CLANG_ANALYZER_NUMBER_OBJECT_CONVERSION = YES_AGGRESSIVE;
				CLANG_CXX_LANGUAGE_STANDARD = "gnu++14";
				CLANG_CXX_LIBRARY = "libc++";
				CLANG_ENABLE_MODULES = YES;
				CLANG_ENABLE_OBJC_ARC = YES;
				CLANG_ENABLE_OBJC_WEAK = YES;
				CLANG_WARN_BLOCK_CAPTURE_AUTORELEASING = YES;
				CLANG_WARN_BOOL_CONVERSION = YES;
				CLANG_WARN_COMMA = YES;
				CLANG_WARN_CONSTANT_CONVERSION = YES;
				CLANG_WARN_DEPRECATED_OBJC_IMPLEMENTATIONS = YES;
				CLANG_WARN_DIRECT_OBJC_ISA_USAGE = YES_ERROR;
				CLANG_WARN_DOCUMENTATION_COMMENTS = YES;
				CLANG_WARN_EMPTY_BODY = YES;
				CLANG_WARN_ENUM_CONVERSION = YES;
				CLANG_WARN_INFINITE_RECURSION = YES;
				CLANG_WARN_INT_CONVERSION = YES;
				CLANG_WARN_NON_LITERAL_NULL_CONVERSION = YES;
				CLANG_WARN_OBJC_IMPLICIT_RETAIN_SELF = YES;
				CLANG_WARN_OBJC_LITERAL_CONVERSION = YES;
				CLANG_WARN_OBJC_ROOT_CLASS = YES_ERROR;
				CLANG_WARN_RANGE_LOOP_ANALYSIS = YES;
				CLANG_WARN_STRICT_PROTOTYPES = YES;
				CLANG_WARN_SUSPICIOUS_MOVE = YES;
				CLANG_WARN_UNGUARDED_AVAILABILITY = YES_AGGRESSIVE;
				CLANG_WARN_UNREACHABLE_CODE = YES;
				CLANG_WARN__DUPLICATE_METHOD_MATCH = YES;
				CODE_SIGN_IDENTITY = "iPhone Developer";
				COPY_PHASE_STRIP = NO;
				DEBUG_INFORMATION_FORMAT = dwarf;
				ENABLE_STRICT_OBJC_MSGSEND = YES;
				ENABLE_TESTABILITY = YES;
				GCC_C_LANGUAGE_STANDARD = gnu11;
				GCC_DYNAMIC_NO_PIC = NO;
				GCC_NO_COMMON_BLOCKS = YES;
				GCC_OPTIMIZATION_LEVEL = 0;
				GCC_PREPROCESSOR_DEFINITIONS = (
					"DEBUG=1",
					"$(inherited)",
				);
				GCC_WARN_64_TO_32_BIT_CONVERSION = YES;
				GCC_WARN_ABOUT_RETURN_TYPE = YES_ERROR;
				GCC_WARN_UNDECLARED_SELECTOR = YES;
				GCC_WARN_UNINITIALIZED_AUTOS = YES_AGGRESSIVE;
				GCC_WARN_UNUSED_FUNCTION = YES;
				GCC_WARN_UNUSED_VARIABLE = YES;
				IPHONEOS_DEPLOYMENT_TARGET = 12.1;
				MTL_ENABLE_DEBUG_INFO = INCLUDE_SOURCE;
				MTL_FAST_MATH = YES;
				ONLY_ACTIVE_ARCH = YES;
				SDKROOT = iphoneos;
				SWIFT_ACTIVE_COMPILATION_CONDITIONS = DEBUG;
				SWIFT_OPTIMIZATION_LEVEL = "-Onone";
			};
			name = Debug;
		};
		7973CFAF21ADD9B900B3B0F4 /* Release */ = {
			isa = XCBuildConfiguration;
			buildSettings = {
				ALWAYS_SEARCH_USER_PATHS = NO;
				CLANG_ANALYZER_NONNULL = YES;
				CLANG_ANALYZER_NUMBER_OBJECT_CONVERSION = YES_AGGRESSIVE;
				CLANG_CXX_LANGUAGE_STANDARD = "gnu++14";
				CLANG_CXX_LIBRARY = "libc++";
				CLANG_ENABLE_MODULES = YES;
				CLANG_ENABLE_OBJC_ARC = YES;
				CLANG_ENABLE_OBJC_WEAK = YES;
				CLANG_WARN_BLOCK_CAPTURE_AUTORELEASING = YES;
				CLANG_WARN_BOOL_CONVERSION = YES;
				CLANG_WARN_COMMA = YES;
				CLANG_WARN_CONSTANT_CONVERSION = YES;
				CLANG_WARN_DEPRECATED_OBJC_IMPLEMENTATIONS = YES;
				CLANG_WARN_DIRECT_OBJC_ISA_USAGE = YES_ERROR;
				CLANG_WARN_DOCUMENTATION_COMMENTS = YES;
				CLANG_WARN_EMPTY_BODY = YES;
				CLANG_WARN_ENUM_CONVERSION = YES;
				CLANG_WARN_INFINITE_RECURSION = YES;
				CLANG_WARN_INT_CONVERSION = YES;
				CLANG_WARN_NON_LITERAL_NULL_CONVERSION = YES;
				CLANG_WARN_OBJC_IMPLICIT_RETAIN_SELF = YES;
				CLANG_WARN_OBJC_LITERAL_CONVERSION = YES;
				CLANG_WARN_OBJC_ROOT_CLASS = YES_ERROR;
				CLANG_WARN_RANGE_LOOP_ANALYSIS = YES;
				CLANG_WARN_STRICT_PROTOTYPES = YES;
				CLANG_WARN_SUSPICIOUS_MOVE = YES;
				CLANG_WARN_UNGUARDED_AVAILABILITY = YES_AGGRESSIVE;
				CLANG_WARN_UNREACHABLE_CODE = YES;
				CLANG_WARN__DUPLICATE_METHOD_MATCH = YES;
				CODE_SIGN_IDENTITY = "iPhone Developer";
				COPY_PHASE_STRIP = NO;
				DEBUG_INFORMATION_FORMAT = "dwarf-with-dsym";
				ENABLE_NS_ASSERTIONS = NO;
				ENABLE_STRICT_OBJC_MSGSEND = YES;
				GCC_C_LANGUAGE_STANDARD = gnu11;
				GCC_NO_COMMON_BLOCKS = YES;
				GCC_WARN_64_TO_32_BIT_CONVERSION = YES;
				GCC_WARN_ABOUT_RETURN_TYPE = YES_ERROR;
				GCC_WARN_UNDECLARED_SELECTOR = YES;
				GCC_WARN_UNINITIALIZED_AUTOS = YES_AGGRESSIVE;
				GCC_WARN_UNUSED_FUNCTION = YES;
				GCC_WARN_UNUSED_VARIABLE = YES;
				IPHONEOS_DEPLOYMENT_TARGET = 12.1;
				MTL_ENABLE_DEBUG_INFO = NO;
				MTL_FAST_MATH = YES;
				SDKROOT = iphoneos;
				SWIFT_COMPILATION_MODE = wholemodule;
				SWIFT_OPTIMIZATION_LEVEL = "-O";
				VALIDATE_PRODUCT = YES;
			};
			name = Release;
		};
		7973CFB121ADD9B900B3B0F4 /* Debug */ = {
			isa = XCBuildConfiguration;
			buildSettings = {
				ASSETCATALOG_COMPILER_APPICON_NAME = AppIcon;
				CODE_SIGN_STYLE = Automatic;
				INFOPLIST_FILE = TodoApp/Info.plist;
				LD_RUNPATH_SEARCH_PATHS = (
					"$(inherited)",
					"@executable_path/Frameworks",
				);
				PRODUCT_BUNDLE_IDENTIFIER = FiscalNote.TodoApp;
				PRODUCT_NAME = "$(TARGET_NAME)";
				SWIFT_VERSION = 4.2;
				TARGETED_DEVICE_FAMILY = "1,2";
			};
			name = Debug;
		};
		7973CFB221ADD9B900B3B0F4 /* Release */ = {
			isa = XCBuildConfiguration;
			buildSettings = {
				ASSETCATALOG_COMPILER_APPICON_NAME = AppIcon;
				CODE_SIGN_STYLE = Automatic;
				INFOPLIST_FILE = TodoApp/Info.plist;
				LD_RUNPATH_SEARCH_PATHS = (
					"$(inherited)",
					"@executable_path/Frameworks",
				);
				PRODUCT_BUNDLE_IDENTIFIER = FiscalNote.TodoApp;
				PRODUCT_NAME = "$(TARGET_NAME)";
				SWIFT_VERSION = 4.2;
				TARGETED_DEVICE_FAMILY = "1,2";
			};
			name = Release;
		};
		7973CFB421ADD9B900B3B0F4 /* Debug */ = {
			isa = XCBuildConfiguration;
			buildSettings = {
				ALWAYS_EMBED_SWIFT_STANDARD_LIBRARIES = YES;
				BUNDLE_LOADER = "$(TEST_HOST)";
				CODE_SIGN_STYLE = Automatic;
				INFOPLIST_FILE = TodoAppTests/Info.plist;
				LD_RUNPATH_SEARCH_PATHS = (
					"$(inherited)",
					"@executable_path/Frameworks",
					"@loader_path/Frameworks",
				);
				PRODUCT_BUNDLE_IDENTIFIER = FiscalNote.TodoAppTests;
				PRODUCT_NAME = "$(TARGET_NAME)";
				SWIFT_VERSION = 4.2;
				TARGETED_DEVICE_FAMILY = "1,2";
				TEST_HOST = "$(BUILT_PRODUCTS_DIR)/TodoApp.app/TodoApp";
			};
			name = Debug;
		};
		7973CFB521ADD9B900B3B0F4 /* Release */ = {
			isa = XCBuildConfiguration;
			buildSettings = {
				ALWAYS_EMBED_SWIFT_STANDARD_LIBRARIES = YES;
				BUNDLE_LOADER = "$(TEST_HOST)";
				CODE_SIGN_STYLE = Automatic;
				INFOPLIST_FILE = TodoAppTests/Info.plist;
				LD_RUNPATH_SEARCH_PATHS = (
					"$(inherited)",
					"@executable_path/Frameworks",
					"@loader_path/Frameworks",
				);
				PRODUCT_BUNDLE_IDENTIFIER = FiscalNote.TodoAppTests;
				PRODUCT_NAME = "$(TARGET_NAME)";
				SWIFT_VERSION = 4.2;
				TARGETED_DEVICE_FAMILY = "1,2";
				TEST_HOST = "$(BUILT_PRODUCTS_DIR)/TodoApp.app/TodoApp";
			};
			name = Release;
		};
		7973CFB721ADD9B900B3B0F4 /* Debug */ = {
			isa = XCBuildConfiguration;
			buildSettings = {
				ALWAYS_EMBED_SWIFT_STANDARD_LIBRARIES = YES;
				CODE_SIGN_STYLE = Automatic;
				INFOPLIST_FILE = TodoAppUITests/Info.plist;
				LD_RUNPATH_SEARCH_PATHS = (
					"$(inherited)",
					"@executable_path/Frameworks",
					"@loader_path/Frameworks",
				);
				PRODUCT_BUNDLE_IDENTIFIER = FiscalNote.TodoAppUITests;
				PRODUCT_NAME = "$(TARGET_NAME)";
				SWIFT_VERSION = 4.2;
				TARGETED_DEVICE_FAMILY = "1,2";
				TEST_TARGET_NAME = TodoApp;
			};
			name = Debug;
		};
		7973CFB821ADD9B900B3B0F4 /* Release */ = {
			isa = XCBuildConfiguration;
			buildSettings = {
				ALWAYS_EMBED_SWIFT_STANDARD_LIBRARIES = YES;
				CODE_SIGN_STYLE = Automatic;
				INFOPLIST_FILE = TodoAppUITests/Info.plist;
				LD_RUNPATH_SEARCH_PATHS = (
					"$(inherited)",
					"@executable_path/Frameworks",
					"@loader_path/Frameworks",
				);
				PRODUCT_BUNDLE_IDENTIFIER = FiscalNote.TodoAppUITests;
				PRODUCT_NAME = "$(TARGET_NAME)";
				SWIFT_VERSION = 4.2;
				TARGETED_DEVICE_FAMILY = "1,2";
				TEST_TARGET_NAME = TodoApp;
			};
			name = Release;
		};
/* End XCBuildConfiguration section */

/* Begin XCConfigurationList section */
		7973CF8321ADD9B600B3B0F4 /* Build configuration list for PBXProject "TodoApp" */ = {
			isa = XCConfigurationList;
			buildConfigurations = (
				7973CFAE21ADD9B900B3B0F4 /* Debug */,
				7973CFAF21ADD9B900B3B0F4 /* Release */,
			);
			defaultConfigurationIsVisible = 0;
			defaultConfigurationName = Release;
		};
		7973CFB021ADD9B900B3B0F4 /* Build configuration list for PBXNativeTarget "TodoApp" */ = {
			isa = XCConfigurationList;
			buildConfigurations = (
				7973CFB121ADD9B900B3B0F4 /* Debug */,
				7973CFB221ADD9B900B3B0F4 /* Release */,
			);
			defaultConfigurationIsVisible = 0;
			defaultConfigurationName = Release;
		};
		7973CFB321ADD9B900B3B0F4 /* Build configuration list for PBXNativeTarget "TodoAppTests" */ = {
			isa = XCConfigurationList;
			buildConfigurations = (
				7973CFB421ADD9B900B3B0F4 /* Debug */,
				7973CFB521ADD9B900B3B0F4 /* Release */,
			);
			defaultConfigurationIsVisible = 0;
			defaultConfigurationName = Release;
		};
		7973CFB621ADD9B900B3B0F4 /* Build configuration list for PBXNativeTarget "TodoAppUITests" */ = {
			isa = XCConfigurationList;
			buildConfigurations = (
				7973CFB721ADD9B900B3B0F4 /* Debug */,
				7973CFB821ADD9B900B3B0F4 /* Release */,
			);
			defaultConfigurationIsVisible = 0;
			defaultConfigurationName = Release;
		};
/* End XCConfigurationList section */
	};
	rootObject = 7973CF8021ADD9B600B3B0F4 /* Project object */;
}
